
Microsoft Visual Studio Solution File, Format Version 12.00
# Visual Studio 14
VisualStudioVersion = 14.0.25420.1
MinimumVisualStudioVersion = 10.0.40219.1
Project("{FAE04EC0-301F-11D3-BF4B-00C04F79EFBC}") = "PicoYplaca", "PicoYplaca\PicoYplaca.csproj", "{F65D951C-3DB2-4538-BE88-8220A501CF82}"
EndProject
Project("{FAE04EC0-301F-11D3-BF4B-00C04F79EFBC}") = "PicoYplaca.Tests", "PicoYplaca.Tests\PicoYplaca.Tests.csproj", "{4E3A0D01-38CE-4D52-81A5-BC5AAA2F8069}"
EndProject
Global
	GlobalSection(SolutionConfigurationPlatforms) = preSolution
		Debug|Any CPU = Debug|Any CPU
		Release|Any CPU = Release|Any CPU
	EndGlobalSection
	GlobalSection(ProjectConfigurationPlatforms) = postSolution
		{F65D951C-3DB2-4538-BE88-8220A501CF82}.Debug|Any CPU.ActiveCfg = Debug|Any CPU
		{F65D951C-3DB2-4538-BE88-8220A501CF82}.Debug|Any CPU.Build.0 = Debug|Any CPU
		{F65D951C-3DB2-4538-BE88-8220A501CF82}.Release|Any CPU.ActiveCfg = Release|Any CPU
		{F65D951C-3DB2-4538-BE88-8220A501CF82}.Release|Any CPU.Build.0 = Release|Any CPU
		{4E3A0D01-38CE-4D52-81A5-BC5AAA2F8069}.Debug|Any CPU.ActiveCfg = Debug|Any CPU
		{4E3A0D01-38CE-4D52-81A5-BC5AAA2F8069}.Debug|Any CPU.Build.0 = Debug|Any CPU
		{4E3A0D01-38CE-4D52-81A5-BC5AAA2F8069}.Release|Any CPU.ActiveCfg = Release|Any CPU
		{4E3A0D01-38CE-4D52-81A5-BC5AAA2F8069}.Release|Any CPU.Build.0 = Release|Any CPU
	EndGlobalSection
	GlobalSection(SolutionProperties) = preSolution
		HideSolutionNode = FALSE
	EndGlobalSection
EndGlobal
